// !$*UTF8*$!
{
	archiveVersion = 1;
	classes = {
	};
	objectVersion = 55;
	objects = {

/* Begin PBXBuildFile section */
		BD90B78C274667B600B149EB /* AppDelegate.swift in Sources */ = {isa = PBXBuildFile; fileRef = BD90B78B274667B600B149EB /* AppDelegate.swift */; };
		BD90B78E274667B600B149EB /* SceneDelegate.swift in Sources */ = {isa = PBXBuildFile; fileRef = BD90B78D274667B600B149EB /* SceneDelegate.swift */; };
		BD90B790274667B600B149EB /* ViewController.swift in Sources */ = {isa = PBXBuildFile; fileRef = BD90B78F274667B600B149EB /* ViewController.swift */; };
		BD90B793274667B600B149EB /* Main.storyboard in Resources */ = {isa = PBXBuildFile; fileRef = BD90B791274667B600B149EB /* Main.storyboard */; };
		BD90B795274667B700B149EB /* Assets.xcassets in Resources */ = {isa = PBXBuildFile; fileRef = BD90B794274667B700B149EB /* Assets.xcassets */; };
		BD90B798274667B700B149EB /* LaunchScreen.storyboard in Resources */ = {isa = PBXBuildFile; fileRef = BD90B796274667B700B149EB /* LaunchScreen.storyboard */; };
		BD90B7A3274675D000B149EB /* NewsCard.swift in Sources */ = {isa = PBXBuildFile; fileRef = BD90B7A2274675D000B149EB /* NewsCard.swift */; };
		BD90B7A727467A3900B149EB /* NewsController.swift in Sources */ = {isa = PBXBuildFile; fileRef = BD90B7A627467A3900B149EB /* NewsController.swift */; };
		BD90B7A927467DE600B149EB /* NewsModel.swift in Sources */ = {isa = PBXBuildFile; fileRef = BD90B7A827467DE600B149EB /* NewsModel.swift */; };
		BDFE18AA2747AFF500593E18 /* DetailsViewController.swift in Sources */ = {isa = PBXBuildFile; fileRef = BDFE18A92747AFF500593E18 /* DetailsViewController.swift */; };
/* End PBXBuildFile section */

/* Begin PBXFileReference section */
		BD90B788274667B600B149EB /* news_app.app */ = {isa = PBXFileReference; explicitFileType = wrapper.application; includeInIndex = 0; path = news_app.app; sourceTree = BUILT_PRODUCTS_DIR; };
		BD90B78B274667B600B149EB /* AppDelegate.swift */ = {isa = PBXFileReference; lastKnownFileType = sourcecode.swift; path = AppDelegate.swift; sourceTree = "<group>"; };
		BD90B78D274667B600B149EB /* SceneDelegate.swift */ = {isa = PBXFileReference; lastKnownFileType = sourcecode.swift; path = SceneDelegate.swift; sourceTree = "<group>"; };
		BD90B78F274667B600B149EB /* ViewController.swift */ = {isa = PBXFileReference; lastKnownFileType = sourcecode.swift; path = ViewController.swift; sourceTree = "<group>"; };
		BD90B792274667B600B149EB /* Base */ = {isa = PBXFileReference; lastKnownFileType = file.storyboard; name = Base; path = Base.lproj/Main.storyboard; sourceTree = "<group>"; };
		BD90B794274667B700B149EB /* Assets.xcassets */ = {isa = PBXFileReference; lastKnownFileType = folder.assetcatalog; path = Assets.xcassets; sourceTree = "<group>"; };
		BD90B797274667B700B149EB /* Base */ = {isa = PBXFileReference; lastKnownFileType = file.storyboard; name = Base; path = Base.lproj/LaunchScreen.storyboard; sourceTree = "<group>"; };
		BD90B799274667B700B149EB /* Info.plist */ = {isa = PBXFileReference; lastKnownFileType = text.plist.xml; path = Info.plist; sourceTree = "<group>"; };
		BD90B7A2274675D000B149EB /* NewsCard.swift */ = {isa = PBXFileReference; lastKnownFileType = sourcecode.swift; path = NewsCard.swift; sourceTree = "<group>"; };
		BD90B7A627467A3900B149EB /* NewsController.swift */ = {isa = PBXFileReference; lastKnownFileType = sourcecode.swift; path = NewsController.swift; sourceTree = "<group>"; };
		BD90B7A827467DE600B149EB /* NewsModel.swift */ = {isa = PBXFileReference; lastKnownFileType = sourcecode.swift; path = NewsModel.swift; sourceTree = "<group>"; };
		BDFE18A92747AFF500593E18 /* DetailsViewController.swift */ = {isa = PBXFileReference; lastKnownFileType = sourcecode.swift; path = DetailsViewController.swift; sourceTree = "<group>"; };
/* End PBXFileReference section */

/* Begin PBXFrameworksBuildPhase section */
		BD90B785274667B600B149EB /* Frameworks */ = {
			isa = PBXFrameworksBuildPhase;
			buildActionMask = 2147483647;
			files = (
			);
			runOnlyForDeploymentPostprocessing = 0;
		};
/* End PBXFrameworksBuildPhase section */

/* Begin PBXGroup section */
		BD90B77F274667B600B149EB = {
			isa = PBXGroup;
			children = (
				BD90B78A274667B600B149EB /* news_app */,
				BD90B789274667B600B149EB /* Products */,
			);
			sourceTree = "<group>";
		};
		BD90B789274667B600B149EB /* Products */ = {
			isa = PBXGroup;
			children = (
				BD90B788274667B600B149EB /* news_app.app */,
			);
			name = Products;
			sourceTree = "<group>";
		};
		BD90B78A274667B600B149EB /* news_app */ = {
			isa = PBXGroup;
			children = (
				BD90B7A527467A2400B149EB /* models */,
				BD90B7A427467A1400B149EB /* controllers */,
				BD90B79F27466CB300B149EB /* widgets */,
				BD90B78B274667B600B149EB /* AppDelegate.swift */,
				BD90B78D274667B600B149EB /* SceneDelegate.swift */,
				BD90B78F274667B600B149EB /* ViewController.swift */,
				BD90B791274667B600B149EB /* Main.storyboard */,
				BD90B794274667B700B149EB /* Assets.xcassets */,
				BD90B796274667B700B149EB /* LaunchScreen.storyboard */,
				BD90B799274667B700B149EB /* Info.plist */,
				BDFE18A92747AFF500593E18 /* DetailsViewController.swift */,
			);
			path = news_app;
			sourceTree = "<group>";
		};
		BD90B79F27466CB300B149EB /* widgets */ = {
			isa = PBXGroup;
			children = (
				BD90B7A2274675D000B149EB /* NewsCard.swift */,
			);
			path = widgets;
			sourceTree = "<group>";
		};
		BD90B7A427467A1400B149EB /* controllers */ = {
			isa = PBXGroup;
			children = (
				BD90B7A627467A3900B149EB /* NewsController.swift */,
			);
			path = controllers;
			sourceTree = "<group>";
		};
		BD90B7A527467A2400B149EB /* models */ = {
			isa = PBXGroup;
			children = (
				BD90B7A827467DE600B149EB /* NewsModel.swift */,
			);
			path = models;
			sourceTree = "<group>";
		};
/* End PBXGroup section */

/* Begin PBXNativeTarget section */
		BD90B787274667B600B149EB /* news_app */ = {
			isa = PBXNativeTarget;
			buildConfigurationList = BD90B79C274667B700B149EB /* Build configuration list for PBXNativeTarget "news_app" */;
			buildPhases = (
				BD90B784274667B600B149EB /* Sources */,
				BD90B785274667B600B149EB /* Frameworks */,
				BD90B786274667B600B149EB /* Resources */,
			);
			buildRules = (
			);
			dependencies = (
			);
			name = news_app;
			productName = news_app;
			productReference = BD90B788274667B600B149EB /* news_app.app */;
			productType = "com.apple.product-type.application";
		};
/* End PBXNativeTarget section */

/* Begin PBXProject section */
		BD90B780274667B600B149EB /* Project object */ = {
			isa = PBXProject;
			attributes = {
				BuildIndependentTargetsInParallel = 1;
				LastSwiftUpdateCheck = 1300;
				LastUpgradeCheck = 1300;
				TargetAttributes = {
					BD90B787274667B600B149EB = {
						CreatedOnToolsVersion = 13.0;
					};
				};
			};
			buildConfigurationList = BD90B783274667B600B149EB /* Build configuration list for PBXProject "news_app" */;
			compatibilityVersion = "Xcode 13.0";
			developmentRegion = en;
			hasScannedForEncodings = 0;
			knownRegions = (
				en,
				Base,
			);
			mainGroup = BD90B77F274667B600B149EB;
			productRefGroup = BD90B789274667B600B149EB /* Products */;
			projectDirPath = "";
			projectRoot = "";
			targets = (
				BD90B787274667B600B149EB /* news_app */,
			);
		};
/* End PBXProject section */

/* Begin PBXResourcesBuildPhase section */
		BD90B786274667B600B149EB /* Resources */ = {
			isa = PBXResourcesBuildPhase;
			buildActionMask = 2147483647;
			files = (
				BD90B798274667B700B149EB /* LaunchScreen.storyboard in Resources */,
				BD90B795274667B700B149EB /* Assets.xcassets in Resources */,
				BD90B793274667B600B149EB /* Main.storyboard in Resources */,
			);
			runOnlyForDeploymentPostprocessing = 0;
		};
/* End PBXResourcesBuildPhase section */

/* Begin PBXSourcesBuildPhase section */
		BD90B784274667B600B149EB /* Sources */ = {
			isa = PBXSourcesBuildPhase;
			buildActionMask = 2147483647;
			files = (
				BD90B7A927467DE600B149EB /* NewsModel.swift in Sources */,
				BD90B7A3274675D000B149EB /* NewsCard.swift in Sources */,
				BD90B790274667B600B149EB /* ViewController.swift in Sources */,
				BD90B78C274667B600B149EB /* AppDelegate.swift in Sources */,
				BDFE18AA2747AFF500593E18 /* DetailsViewController.swift in Sources */,
				BD90B7A727467A3900B149EB /* NewsController.swift in Sources */,
				BD90B78E274667B600B149EB /* SceneDelegate.swift in Sources */,
			);
			runOnlyForDeploymentPostprocessing = 0;
		};
/* End PBXSourcesBuildPhase section */

/* Begin PBXVariantGroup section */
		BD90B791274667B600B149EB /* Main.storyboard */ = {
			isa = PBXVariantGroup;
			children = (
				BD90B792274667B600B149EB /* Base */,
			);
			name = Main.storyboard;
			sourceTree = "<group>";
		};
		BD90B796274667B700B149EB /* LaunchScreen.storyboard */ = {
			isa = PBXVariantGroup;
			children = (
				BD90B797274667B700B149EB /* Base */,
			);
			name = LaunchScreen.storyboard;
			sourceTree = "<group>";
		};
/* End PBXVariantGroup section */

/* Begin XCBuildConfiguration section */
		BD90B79A274667B700B149EB /* Debug */ = {
			isa = XCBuildConfiguration;
			buildSettings = {
				ALWAYS_SEARCH_USER_PATHS = NO;
				CLANG_ANALYZER_NONNULL = YES;
				CLANG_ANALYZER_NUMBER_OBJECT_CONVERSION = YES_AGGRESSIVE;
				CLANG_CXX_LANGUAGE_STANDARD = "gnu++17";
				CLANG_CXX_LIBRARY = "libc++";
				CLANG_ENABLE_MODULES = YES;
				CLANG_ENABLE_OBJC_ARC = YES;
				CLANG_ENABLE_OBJC_WEAK = YES;
				CLANG_WARN_BLOCK_CAPTURE_AUTORELEASING = YES;
				CLANG_WARN_BOOL_CONVERSION = YES;
				CLANG_WARN_COMMA = YES;
				CLANG_WARN_CONSTANT_CONVERSION = YES;
				CLANG_WARN_DEPRECATED_OBJC_IMPLEMENTATIONS = YES;
				CLANG_WARN_DIRECT_OBJC_ISA_USAGE = YES_ERROR;
				CLANG_WARN_DOCUMENTATION_COMMENTS = YES;
				CLANG_WARN_EMPTY_BODY = YES;
				CLANG_WARN_ENUM_CONVERSION = YES;
				CLANG_WARN_INFINITE_RECURSION = YES;
				CLANG_WARN_INT_CONVERSION = YES;
				CLANG_WARN_NON_LITERAL_NULL_CONVERSION = YES;
				CLANG_WARN_OBJC_IMPLICIT_RETAIN_SELF = YES;
				CLANG_WARN_OBJC_LITERAL_CONVERSION = YES;
				CLANG_WARN_OBJC_ROOT_CLASS = YES_ERROR;
				CLANG_WARN_QUOTED_INCLUDE_IN_FRAMEWORK_HEADER = YES;
				CLANG_WARN_RANGE_LOOP_ANALYSIS = YES;
				CLANG_WARN_STRICT_PROTOTYPES = YES;
				CLANG_WARN_SUSPICIOUS_MOVE = YES;
				CLANG_WARN_UNGUARDED_AVAILABILITY = YES_AGGRESSIVE;
				CLANG_WARN_UNREACHABLE_CODE = YES;
				CLANG_WARN__DUPLICATE_METHOD_MATCH = YES;
				COPY_PHASE_STRIP = NO;
				DEBUG_INFORMATION_FORMAT = dwarf;
				ENABLE_STRICT_OBJC_MSGSEND = YES;
				ENABLE_TESTABILITY = YES;
				GCC_C_LANGUAGE_STANDARD = gnu11;
				GCC_DYNAMIC_NO_PIC = NO;
				GCC_NO_COMMON_BLOCKS = YES;
				GCC_OPTIMIZATION_LEVEL = 0;
				GCC_PREPROCESSOR_DEFINITIONS = (
					"DEBUG=1",
					"$(inherited)",
				);
				GCC_WARN_64_TO_32_BIT_CONVERSION = YES;
				GCC_WARN_ABOUT_RETURN_TYPE = YES_ERROR;
				GCC_WARN_UNDECLARED_SELECTOR = YES;
				GCC_WARN_UNINITIALIZED_AUTOS = YES_AGGRESSIVE;
				GCC_WARN_UNUSED_FUNCTION = YES;
				GCC_WARN_UNUSED_VARIABLE = YES;
				IPHONEOS_DEPLOYMENT_TARGET = 15.0;
				MTL_ENABLE_DEBUG_INFO = INCLUDE_SOURCE;
				MTL_FAST_MATH = YES;
				ONLY_ACTIVE_ARCH = YES;
				SDKROOT = iphoneos;
				SWIFT_ACTIVE_COMPILATION_CONDITIONS = DEBUG;
				SWIFT_OPTIMIZATION_LEVEL = "-Onone";
			};
			name = Debug;
		};
		BD90B79B274667B700B149EB /* Release */ = {
			isa = XCBuildConfiguration;
			buildSettings = {
				ALWAYS_SEARCH_USER_PATHS = NO;
				CLANG_ANALYZER_NONNULL = YES;
				CLANG_ANALYZER_NUMBER_OBJECT_CONVERSION = YES_AGGRESSIVE;
				CLANG_CXX_LANGUAGE_STANDARD = "gnu++17";
				CLANG_CXX_LIBRARY = "libc++";
				CLANG_ENABLE_MODULES = YES;
				CLANG_ENABLE_OBJC_ARC = YES;
				CLANG_ENABLE_OBJC_WEAK = YES;
				CLANG_WARN_BLOCK_CAPTURE_AUTORELEASING = YES;
				CLANG_WARN_BOOL_CONVERSION = YES;
				CLANG_WARN_COMMA = YES;
				CLANG_WARN_CONSTANT_CONVERSION = YES;
				CLANG_WARN_DEPRECATED_OBJC_IMPLEMENTATIONS = YES;
				CLANG_WARN_DIRECT_OBJC_ISA_USAGE = YES_ERROR;
				CLANG_WARN_DOCUMENTATION_COMMENTS = YES;
				CLANG_WARN_EMPTY_BODY = YES;
				CLANG_WARN_ENUM_CONVERSION = YES;
				CLANG_WARN_INFINITE_RECURSION = YES;
				CLANG_WARN_INT_CONVERSION = YES;
				CLANG_WARN_NON_LITERAL_NULL_CONVERSION = YES;
				CLANG_WARN_OBJC_IMPLICIT_RETAIN_SELF = YES;
				CLANG_WARN_OBJC_LITERAL_CONVERSION = YES;
				CLANG_WARN_OBJC_ROOT_CLASS = YES_ERROR;
				CLANG_WARN_QUOTED_INCLUDE_IN_FRAMEWORK_HEADER = YES;
				CLANG_WARN_RANGE_LOOP_ANALYSIS = YES;
				CLANG_WARN_STRICT_PROTOTYPES = YES;
				CLANG_WARN_SUSPICIOUS_MOVE = YES;
				CLANG_WARN_UNGUARDED_AVAILABILITY = YES_AGGRESSIVE;
				CLANG_WARN_UNREACHABLE_CODE = YES;
				CLANG_WARN__DUPLICATE_METHOD_MATCH = YES;
				COPY_PHASE_STRIP = NO;
				DEBUG_INFORMATION_FORMAT = "dwarf-with-dsym";
				ENABLE_NS_ASSERTIONS = NO;
				ENABLE_STRICT_OBJC_MSGSEND = YES;
				GCC_C_LANGUAGE_STANDARD = gnu11;
				GCC_NO_COMMON_BLOCKS = YES;
				GCC_WARN_64_TO_32_BIT_CONVERSION = YES;
				GCC_WARN_ABOUT_RETURN_TYPE = YES_ERROR;
				GCC_WARN_UNDECLARED_SELECTOR = YES;
				GCC_WARN_UNINITIALIZED_AUTOS = YES_AGGRESSIVE;
				GCC_WARN_UNUSED_FUNCTION = YES;
				GCC_WARN_UNUSED_VARIABLE = YES;
				IPHONEOS_DEPLOYMENT_TARGET = 15.0;
				MTL_ENABLE_DEBUG_INFO = NO;
				MTL_FAST_MATH = YES;
				SDKROOT = iphoneos;
				SWIFT_COMPILATION_MODE = wholemodule;
				SWIFT_OPTIMIZATION_LEVEL = "-O";
				VALIDATE_PRODUCT = YES;
			};
			name = Release;
		};
		BD90B79D274667B700B149EB /* Debug */ = {
			isa = XCBuildConfiguration;
			buildSettings = {
				ASSETCATALOG_COMPILER_APPICON_NAME = AppIcon;
				ASSETCATALOG_COMPILER_GLOBAL_ACCENT_COLOR_NAME = AccentColor;
				CODE_SIGN_STYLE = Automatic;
				CURRENT_PROJECT_VERSION = 1;
				GENERATE_INFOPLIST_FILE = YES;
				INFOPLIST_FILE = news_app/Info.plist;
				INFOPLIST_KEY_UIApplicationSupportsIndirectInputEvents = YES;
				INFOPLIST_KEY_UILaunchStoryboardName = LaunchScreen;
				INFOPLIST_KEY_UIMainStoryboardFile = Main;
				INFOPLIST_KEY_UISupportedInterfaceOrientations_iPad = "UIInterfaceOrientationPortrait UIInterfaceOrientationPortraitUpsideDown UIInterfaceOrientationLandscapeLeft UIInterfaceOrientationLandscapeRight";
				INFOPLIST_KEY_UISupportedInterfaceOrientations_iPhone = "UIInterfaceOrientationPortrait UIInterfaceOrientationLandscapeLeft UIInterfaceOrientationLandscapeRight";
				LD_RUNPATH_SEARCH_PATHS = (
					"$(inherited)",
					"@executable_path/Frameworks",
				);
				MARKETING_VERSION = 1.0;
				PRODUCT_BUNDLE_IDENTIFIER = "com.jemi.news-app";
				PRODUCT_NAME = "$(TARGET_NAME)";
				SWIFT_EMIT_LOC_STRINGS = YES;
				SWIFT_VERSION = 5.0;
				TARGETED_DEVICE_FAMILY = "1,2";
			};
			name = Debug;
		};
		BD90B79E274667B700B149EB /* Release */ = {
			isa = XCBuildConfiguration;
			buildSettings = {
				ASSETCATALOG_COMPILER_APPICON_NAME = AppIcon;
				ASSETCATALOG_COMPILER_GLOBAL_ACCENT_COLOR_NAME = AccentColor;
				CODE_SIGN_STYLE = Automatic;
				CURRENT_PROJECT_VERSION = 1;
				GENERATE_INFOPLIST_FILE = YES;
				INFOPLIST_FILE = news_app/Info.plist;
				INFOPLIST_KEY_UIApplicationSupportsIndirectInputEvents = YES;
				INFOPLIST_KEY_UILaunchStoryboardName = LaunchScreen;
				INFOPLIST_KEY_UIMainStoryboardFile = Main;
				INFOPLIST_KEY_UISupportedInterfaceOrientations_iPad = "UIInterfaceOrientationPortrait UIInterfaceOrientationPortraitUpsideDown UIInterfaceOrientationLandscapeLeft UIInterfaceOrientationLandscapeRight";
				INFOPLIST_KEY_UISupportedInterfaceOrientations_iPhone = "UIInterfaceOrientationPortrait UIInterfaceOrientationLandscapeLeft UIInterfaceOrientationLandscapeRight";
				LD_RUNPATH_SEARCH_PATHS = (
					"$(inherited)",
					"@executable_path/Frameworks",
				);
				MARKETING_VERSION = 1.0;
				PRODUCT_BUNDLE_IDENTIFIER = "com.jemi.news-app";
				PRODUCT_NAME = "$(TARGET_NAME)";
				SWIFT_EMIT_LOC_STRINGS = YES;
				SWIFT_VERSION = 5.0;
				TARGETED_DEVICE_FAMILY = "1,2";
			};
			name = Release;
		};
/* End XCBuildConfiguration section */

/* Begin XCConfigurationList section */
		BD90B783274667B600B149EB /* Build configuration list for PBXProject "news_app" */ = {
			isa = XCConfigurationList;
			buildConfigurations = (
				BD90B79A274667B700B149EB /* Debug */,
				BD90B79B274667B700B149EB /* Release */,
			);
			defaultConfigurationIsVisible = 0;
			defaultConfigurationName = Release;
		};
		BD90B79C274667B700B149EB /* Build configuration list for PBXNativeTarget "news_app" */ = {
			isa = XCConfigurationList;
			buildConfigurations = (
				BD90B79D274667B700B149EB /* Debug */,
				BD90B79E274667B700B149EB /* Release */,
			);
			defaultConfigurationIsVisible = 0;
			defaultConfigurationName = Release;
		};
/* End XCConfigurationList section */
	};
	rootObject = BD90B780274667B600B149EB /* Project object */;
}
